github.com/Praveenmj005/calculator v0.0.0-20250422063904-40736eda4a81 h1:aTvJPE2D2PFn51l8Fr/G9LwDfBcrBW7dn4QN/SLjVQc=
github.com/Praveenmj005/calculator v0.0.0-20250422063904-40736eda4a81/go.mod h1:Nx1ni1W099nJoV3DGWLobXCZCvILcN2qbjyhSVOa+M4=
github.com/Praveenmj005/calculator v0.0.0-20250422064616-89292190b661 h1:pmpXsv9/Jvff/0KgI/97Iz1ivXxVBdx31qd67XM3vQ4=
github.com/Praveenmj005/calculator v0.0.0-20250422064616-89292190b661/go.mod h1:Nx1ni1W099nJoV3DGWLobXCZCvILcN2qbjyhSVOa+M4=
